// !$*UTF8*$!
{
	archiveVersion = 1;
	classes = {
	};
	objectVersion = 50;
	objects = {

/* Begin PBXBuildFile section */
		7FD406C222545D730018BEA3 /* AppDelegate.m in Sources */ = {isa = PBXBuildFile; fileRef = 7FD406C122545D730018BEA3 /* AppDelegate.m */; };
		7FD406C522545D730018BEA3 /* ViewController.m in Sources */ = {isa = PBXBuildFile; fileRef = 7FD406C422545D730018BEA3 /* ViewController.m */; };
		7FD406C822545D730018BEA3 /* Main.storyboard in Resources */ = {isa = PBXBuildFile; fileRef = 7FD406C622545D730018BEA3 /* Main.storyboard */; };
		7FD406CA22545D740018BEA3 /* Assets.xcassets in Resources */ = {isa = PBXBuildFile; fileRef = 7FD406C922545D740018BEA3 /* Assets.xcassets */; };
		7FD406CD22545D740018BEA3 /* LaunchScreen.storyboard in Resources */ = {isa = PBXBuildFile; fileRef = 7FD406CB22545D740018BEA3 /* LaunchScreen.storyboard */; };
		7FD406D022545D740018BEA3 /* main.m in Sources */ = {isa = PBXBuildFile; fileRef = 7FD406CF22545D740018BEA3 /* main.m */; };
		7FD406DA22545D740018BEA3 /* LXTestDemoTests.m in Sources */ = {isa = PBXBuildFile; fileRef = 7FD406D922545D740018BEA3 /* LXTestDemoTests.m */; };
		7FD406E522545D750018BEA3 /* LXTestDemoUITests.m in Sources */ = {isa = PBXBuildFile; fileRef = 7FD406E422545D750018BEA3 /* LXTestDemoUITests.m */; };
/* End PBXBuildFile section */

/* Begin PBXContainerItemProxy section */
		7FD406D622545D740018BEA3 /* PBXContainerItemProxy */ = {
			isa = PBXContainerItemProxy;
			containerPortal = 7FD406B522545D720018BEA3 /* Project object */;
			proxyType = 1;
			remoteGlobalIDString = 7FD406BC22545D720018BEA3;
			remoteInfo = LXTestDemo;
		};
		7FD406E122545D750018BEA3 /* PBXContainerItemProxy */ = {
			isa = PBXContainerItemProxy;
			containerPortal = 7FD406B522545D720018BEA3 /* Project object */;
			proxyType = 1;
			remoteGlobalIDString = 7FD406BC22545D720018BEA3;
			remoteInfo = LXTestDemo;
		};
/* End PBXContainerItemProxy section */

/* Begin PBXFileReference section */
		7FD406BD22545D720018BEA3 /* LXTestDemo.app */ = {isa = PBXFileReference; explicitFileType = wrapper.application; includeInIndex = 0; path = LXTestDemo.app; sourceTree = BUILT_PRODUCTS_DIR; };
		7FD406C022545D720018BEA3 /* AppDelegate.h */ = {isa = PBXFileReference; lastKnownFileType = sourcecode.c.h; path = AppDelegate.h; sourceTree = "<group>"; };
		7FD406C122545D730018BEA3 /* AppDelegate.m */ = {isa = PBXFileReference; lastKnownFileType = sourcecode.c.objc; path = AppDelegate.m; sourceTree = "<group>"; };
		7FD406C322545D730018BEA3 /* ViewController.h */ = {isa = PBXFileReference; lastKnownFileType = sourcecode.c.h; path = ViewController.h; sourceTree = "<group>"; };
		7FD406C422545D730018BEA3 /* ViewController.m */ = {isa = PBXFileReference; lastKnownFileType = sourcecode.c.objc; path = ViewController.m; sourceTree = "<group>"; };
		7FD406C722545D730018BEA3 /* Base */ = {isa = PBXFileReference; lastKnownFileType = file.storyboard; name = Base; path = Base.lproj/Main.storyboard; sourceTree = "<group>"; };
		7FD406C922545D740018BEA3 /* Assets.xcassets */ = {isa = PBXFileReference; lastKnownFileType = folder.assetcatalog; path = Assets.xcassets; sourceTree = "<group>"; };
		7FD406CC22545D740018BEA3 /* Base */ = {isa = PBXFileReference; lastKnownFileType = file.storyboard; name = Base; path = Base.lproj/LaunchScreen.storyboard; sourceTree = "<group>"; };
		7FD406CE22545D740018BEA3 /* Info.plist */ = {isa = PBXFileReference; lastKnownFileType = text.plist.xml; path = Info.plist; sourceTree = "<group>"; };
		7FD406CF22545D740018BEA3 /* main.m */ = {isa = PBXFileReference; lastKnownFileType = sourcecode.c.objc; path = main.m; sourceTree = "<group>"; };
		7FD406D522545D740018BEA3 /* LXTestDemoTests.xctest */ = {isa = PBXFileReference; explicitFileType = wrapper.cfbundle; includeInIndex = 0; path = LXTestDemoTests.xctest; sourceTree = BUILT_PRODUCTS_DIR; };
		7FD406D922545D740018BEA3 /* LXTestDemoTests.m */ = {isa = PBXFileReference; lastKnownFileType = sourcecode.c.objc; path = LXTestDemoTests.m; sourceTree = "<group>"; };
		7FD406DB22545D740018BEA3 /* Info.plist */ = {isa = PBXFileReference; lastKnownFileType = text.plist.xml; path = Info.plist; sourceTree = "<group>"; };
		7FD406E022545D750018BEA3 /* LXTestDemoUITests.xctest */ = {isa = PBXFileReference; explicitFileType = wrapper.cfbundle; includeInIndex = 0; path = LXTestDemoUITests.xctest; sourceTree = BUILT_PRODUCTS_DIR; };
		7FD406E422545D750018BEA3 /* LXTestDemoUITests.m */ = {isa = PBXFileReference; lastKnownFileType = sourcecode.c.objc; path = LXTestDemoUITests.m; sourceTree = "<group>"; };
		7FD406E622545D750018BEA3 /* Info.plist */ = {isa = PBXFileReference; lastKnownFileType = text.plist.xml; path = Info.plist; sourceTree = "<group>"; };
/* End PBXFileReference section */

/* Begin PBXFrameworksBuildPhase section */
		7FD406BA22545D720018BEA3 /* Frameworks */ = {
			isa = PBXFrameworksBuildPhase;
			buildActionMask = 2147483647;
			files = (
			);
			runOnlyForDeploymentPostprocessing = 0;
		};
		7FD406D222545D740018BEA3 /* Frameworks */ = {
			isa = PBXFrameworksBuildPhase;
			buildActionMask = 2147483647;
			files = (
			);
			runOnlyForDeploymentPostprocessing = 0;
		};
		7FD406DD22545D750018BEA3 /* Frameworks */ = {
			isa = PBXFrameworksBuildPhase;
			buildActionMask = 2147483647;
			files = (
			);
			runOnlyForDeploymentPostprocessing = 0;
		};
/* End PBXFrameworksBuildPhase section */

/* Begin PBXGroup section */
		7FD406B422545D720018BEA3 = {
			isa = PBXGroup;
			children = (
				7FD406BF22545D720018BEA3 /* LXTestDemo */,
				7FD406D822545D740018BEA3 /* LXTestDemoTests */,
				7FD406E322545D750018BEA3 /* LXTestDemoUITests */,
				7FD406BE22545D720018BEA3 /* Products */,
			);
			sourceTree = "<group>";
		};
		7FD406BE22545D720018BEA3 /* Products */ = {
			isa = PBXGroup;
			children = (
				7FD406BD22545D720018BEA3 /* LXTestDemo.app */,
				7FD406D522545D740018BEA3 /* LXTestDemoTests.xctest */,
				7FD406E022545D750018BEA3 /* LXTestDemoUITests.xctest */,
			);
			name = Products;
			sourceTree = "<group>";
		};
		7FD406BF22545D720018BEA3 /* LXTestDemo */ = {
			isa = PBXGroup;
			children = (
				7FD406C022545D720018BEA3 /* AppDelegate.h */,
				7FD406C122545D730018BEA3 /* AppDelegate.m */,
				7FD406C322545D730018BEA3 /* ViewController.h */,
				7FD406C422545D730018BEA3 /* ViewController.m */,
				7FD406C622545D730018BEA3 /* Main.storyboard */,
				7FD406C922545D740018BEA3 /* Assets.xcassets */,
				7FD406CB22545D740018BEA3 /* LaunchScreen.storyboard */,
				7FD406CE22545D740018BEA3 /* Info.plist */,
				7FD406CF22545D740018BEA3 /* main.m */,
			);
			path = LXTestDemo;
			sourceTree = "<group>";
		};
		7FD406D822545D740018BEA3 /* LXTestDemoTests */ = {
			isa = PBXGroup;
			children = (
				7FD406D922545D740018BEA3 /* LXTestDemoTests.m */,
				7FD406DB22545D740018BEA3 /* Info.plist */,
			);
			path = LXTestDemoTests;
			sourceTree = "<group>";
		};
		7FD406E322545D750018BEA3 /* LXTestDemoUITests */ = {
			isa = PBXGroup;
			children = (
				7FD406E422545D750018BEA3 /* LXTestDemoUITests.m */,
				7FD406E622545D750018BEA3 /* Info.plist */,
			);
			path = LXTestDemoUITests;
			sourceTree = "<group>";
		};
/* End PBXGroup section */

/* Begin PBXNativeTarget section */
		7FD406BC22545D720018BEA3 /* LXTestDemo */ = {
			isa = PBXNativeTarget;
			buildConfigurationList = 7FD406E922545D750018BEA3 /* Build configuration list for PBXNativeTarget "LXTestDemo" */;
			buildPhases = (
				7FD406B922545D720018BEA3 /* Sources */,
				7FD406BA22545D720018BEA3 /* Frameworks */,
				7FD406BB22545D720018BEA3 /* Resources */,
			);
			buildRules = (
			);
			dependencies = (
			);
			name = LXTestDemo;
			productName = LXTestDemo;
			productReference = 7FD406BD22545D720018BEA3 /* LXTestDemo.app */;
			productType = "com.apple.product-type.application";
		};
		7FD406D422545D740018BEA3 /* LXTestDemoTests */ = {
			isa = PBXNativeTarget;
			buildConfigurationList = 7FD406EC22545D750018BEA3 /* Build configuration list for PBXNativeTarget "LXTestDemoTests" */;
			buildPhases = (
				7FD406D122545D740018BEA3 /* Sources */,
				7FD406D222545D740018BEA3 /* Frameworks */,
				7FD406D322545D740018BEA3 /* Resources */,
			);
			buildRules = (
			);
			dependencies = (
				7FD406D722545D740018BEA3 /* PBXTargetDependency */,
			);
			name = LXTestDemoTests;
			productName = LXTestDemoTests;
			productReference = 7FD406D522545D740018BEA3 /* LXTestDemoTests.xctest */;
			productType = "com.apple.product-type.bundle.unit-test";
		};
		7FD406DF22545D750018BEA3 /* LXTestDemoUITests */ = {
			isa = PBXNativeTarget;
			buildConfigurationList = 7FD406EF22545D750018BEA3 /* Build configuration list for PBXNativeTarget "LXTestDemoUITests" */;
			buildPhases = (
				7FD406DC22545D750018BEA3 /* Sources */,
				7FD406DD22545D750018BEA3 /* Frameworks */,
				7FD406DE22545D750018BEA3 /* Resources */,
			);
			buildRules = (
			);
			dependencies = (
				7FD406E222545D750018BEA3 /* PBXTargetDependency */,
			);
			name = LXTestDemoUITests;
			productName = LXTestDemoUITests;
			productReference = 7FD406E022545D750018BEA3 /* LXTestDemoUITests.xctest */;
			productType = "com.apple.product-type.bundle.ui-testing";
		};
/* End PBXNativeTarget section */

/* Begin PBXProject section */
		7FD406B522545D720018BEA3 /* Project object */ = {
			isa = PBXProject;
			attributes = {
				LastUpgradeCheck = 1010;
				ORGANIZATIONNAME = "康健科技";
				TargetAttributes = {
					7FD406BC22545D720018BEA3 = {
						CreatedOnToolsVersion = 10.1;
					};
					7FD406D422545D740018BEA3 = {
						CreatedOnToolsVersion = 10.1;
						TestTargetID = 7FD406BC22545D720018BEA3;
					};
					7FD406DF22545D750018BEA3 = {
						CreatedOnToolsVersion = 10.1;
						TestTargetID = 7FD406BC22545D720018BEA3;
					};
				};
			};
			buildConfigurationList = 7FD406B822545D720018BEA3 /* Build configuration list for PBXProject "LXTestDemo" */;
			compatibilityVersion = "Xcode 9.3";
			developmentRegion = en;
			hasScannedForEncodings = 0;
			knownRegions = (
				en,
				Base,
			);
			mainGroup = 7FD406B422545D720018BEA3;
			productRefGroup = 7FD406BE22545D720018BEA3 /* Products */;
			projectDirPath = "";
			projectRoot = "";
			targets = (
				7FD406BC22545D720018BEA3 /* LXTestDemo */,
				7FD406D422545D740018BEA3 /* LXTestDemoTests */,
				7FD406DF22545D750018BEA3 /* LXTestDemoUITests */,
			);
		};
/* End PBXProject section */

/* Begin PBXResourcesBuildPhase section */
		7FD406BB22545D720018BEA3 /* Resources */ = {
			isa = PBXResourcesBuildPhase;
			buildActionMask = 2147483647;
			files = (
				7FD406CD22545D740018BEA3 /* LaunchScreen.storyboard in Resources */,
				7FD406CA22545D740018BEA3 /* Assets.xcassets in Resources */,
				7FD406C822545D730018BEA3 /* Main.storyboard in Resources */,
			);
			runOnlyForDeploymentPostprocessing = 0;
		};
		7FD406D322545D740018BEA3 /* Resources */ = {
			isa = PBXResourcesBuildPhase;
			buildActionMask = 2147483647;
			files = (
			);
			runOnlyForDeploymentPostprocessing = 0;
		};
		7FD406DE22545D750018BEA3 /* Resources */ = {
			isa = PBXResourcesBuildPhase;
			buildActionMask = 2147483647;
			files = (
			);
			runOnlyForDeploymentPostprocessing = 0;
		};
/* End PBXResourcesBuildPhase section */

/* Begin PBXSourcesBuildPhase section */
		7FD406B922545D720018BEA3 /* Sources */ = {
			isa = PBXSourcesBuildPhase;
			buildActionMask = 2147483647;
			files = (
				7FD406C522545D730018BEA3 /* ViewController.m in Sources */,
				7FD406D022545D740018BEA3 /* main.m in Sources */,
				7FD406C222545D730018BEA3 /* AppDelegate.m in Sources */,
			);
			runOnlyForDeploymentPostprocessing = 0;
		};
		7FD406D122545D740018BEA3 /* Sources */ = {
			isa = PBXSourcesBuildPhase;
			buildActionMask = 2147483647;
			files = (
				7FD406DA22545D740018BEA3 /* LXTestDemoTests.m in Sources */,
			);
			runOnlyForDeploymentPostprocessing = 0;
		};
		7FD406DC22545D750018BEA3 /* Sources */ = {
			isa = PBXSourcesBuildPhase;
			buildActionMask = 2147483647;
			files = (
				7FD406E522545D750018BEA3 /* LXTestDemoUITests.m in Sources */,
			);
			runOnlyForDeploymentPostprocessing = 0;
		};
/* End PBXSourcesBuildPhase section */

/* Begin PBXTargetDependency section */
		7FD406D722545D740018BEA3 /* PBXTargetDependency */ = {
			isa = PBXTargetDependency;
			target = 7FD406BC22545D720018BEA3 /* LXTestDemo */;
			targetProxy = 7FD406D622545D740018BEA3 /* PBXContainerItemProxy */;
		};
		7FD406E222545D750018BEA3 /* PBXTargetDependency */ = {
			isa = PBXTargetDependency;
			target = 7FD406BC22545D720018BEA3 /* LXTestDemo */;
			targetProxy = 7FD406E122545D750018BEA3 /* PBXContainerItemProxy */;
		};
/* End PBXTargetDependency section */

/* Begin PBXVariantGroup section */
		7FD406C622545D730018BEA3 /* Main.storyboard */ = {
			isa = PBXVariantGroup;
			children = (
				7FD406C722545D730018BEA3 /* Base */,
			);
			name = Main.storyboard;
			sourceTree = "<group>";
		};
		7FD406CB22545D740018BEA3 /* LaunchScreen.storyboard */ = {
			isa = PBXVariantGroup;
			children = (
				7FD406CC22545D740018BEA3 /* Base */,
			);
			name = LaunchScreen.storyboard;
			sourceTree = "<group>";
		};
/* End PBXVariantGroup section */

/* Begin XCBuildConfiguration section */
		7FD406E722545D750018BEA3 /* Debug */ = {
			isa = XCBuildConfiguration;
			buildSettings = {
				ALWAYS_SEARCH_USER_PATHS = NO;
				CLANG_ANALYZER_NONNULL = YES;
				CLANG_ANALYZER_NUMBER_OBJECT_CONVERSION = YES_AGGRESSIVE;
				CLANG_CXX_LANGUAGE_STANDARD = "gnu++14";
				CLANG_CXX_LIBRARY = "libc++";
				CLANG_ENABLE_MODULES = YES;
				CLANG_ENABLE_OBJC_ARC = YES;
				CLANG_ENABLE_OBJC_WEAK = YES;
				CLANG_WARN_BLOCK_CAPTURE_AUTORELEASING = YES;
				CLANG_WARN_BOOL_CONVERSION = YES;
				CLANG_WARN_COMMA = YES;
				CLANG_WARN_CONSTANT_CONVERSION = YES;
				CLANG_WARN_DEPRECATED_OBJC_IMPLEMENTATIONS = YES;
				CLANG_WARN_DIRECT_OBJC_ISA_USAGE = YES_ERROR;
				CLANG_WARN_DOCUMENTATION_COMMENTS = YES;
				CLANG_WARN_EMPTY_BODY = YES;
				CLANG_WARN_ENUM_CONVERSION = YES;
				CLANG_WARN_INFINITE_RECURSION = YES;
				CLANG_WARN_INT_CONVERSION = YES;
				CLANG_WARN_NON_LITERAL_NULL_CONVERSION = YES;
				CLANG_WARN_OBJC_IMPLICIT_RETAIN_SELF = YES;
				CLANG_WARN_OBJC_LITERAL_CONVERSION = YES;
				CLANG_WARN_OBJC_ROOT_CLASS = YES_ERROR;
				CLANG_WARN_RANGE_LOOP_ANALYSIS = YES;
				CLANG_WARN_STRICT_PROTOTYPES = YES;
				CLANG_WARN_SUSPICIOUS_MOVE = YES;
				CLANG_WARN_UNGUARDED_AVAILABILITY = YES_AGGRESSIVE;
				CLANG_WARN_UNREACHABLE_CODE = YES;
				CLANG_WARN__DUPLICATE_METHOD_MATCH = YES;
				CODE_SIGN_IDENTITY = "iPhone Developer";
				COPY_PHASE_STRIP = NO;
				DEBUG_INFORMATION_FORMAT = dwarf;
				ENABLE_STRICT_OBJC_MSGSEND = YES;
				ENABLE_TESTABILITY = YES;
				GCC_C_LANGUAGE_STANDARD = gnu11;
				GCC_DYNAMIC_NO_PIC = NO;
				GCC_NO_COMMON_BLOCKS = YES;
				GCC_OPTIMIZATION_LEVEL = 0;
				GCC_PREPROCESSOR_DEFINITIONS = (
					"DEBUG=1",
					"$(inherited)",
				);
				GCC_WARN_64_TO_32_BIT_CONVERSION = YES;
				GCC_WARN_ABOUT_RETURN_TYPE = YES_ERROR;
				GCC_WARN_UNDECLARED_SELECTOR = YES;
				GCC_WARN_UNINITIALIZED_AUTOS = YES_AGGRESSIVE;
				GCC_WARN_UNUSED_FUNCTION = YES;
				GCC_WARN_UNUSED_VARIABLE = YES;
				IPHONEOS_DEPLOYMENT_TARGET = 12.1;
				MTL_ENABLE_DEBUG_INFO = INCLUDE_SOURCE;
				MTL_FAST_MATH = YES;
				ONLY_ACTIVE_ARCH = YES;
				SDKROOT = iphoneos;
			};
			name = Debug;
		};
		7FD406E822545D750018BEA3 /* Release */ = {
			isa = XCBuildConfiguration;
			buildSettings = {
				ALWAYS_SEARCH_USER_PATHS = NO;
				CLANG_ANALYZER_NONNULL = YES;
				CLANG_ANALYZER_NUMBER_OBJECT_CONVERSION = YES_AGGRESSIVE;
				CLANG_CXX_LANGUAGE_STANDARD = "gnu++14";
				CLANG_CXX_LIBRARY = "libc++";
				CLANG_ENABLE_MODULES = YES;
				CLANG_ENABLE_OBJC_ARC = YES;
				CLANG_ENABLE_OBJC_WEAK = YES;
				CLANG_WARN_BLOCK_CAPTURE_AUTORELEASING = YES;
				CLANG_WARN_BOOL_CONVERSION = YES;
				CLANG_WARN_COMMA = YES;
				CLANG_WARN_CONSTANT_CONVERSION = YES;
				CLANG_WARN_DEPRECATED_OBJC_IMPLEMENTATIONS = YES;
				CLANG_WARN_DIRECT_OBJC_ISA_USAGE = YES_ERROR;
				CLANG_WARN_DOCUMENTATION_COMMENTS = YES;
				CLANG_WARN_EMPTY_BODY = YES;
				CLANG_WARN_ENUM_CONVERSION = YES;
				CLANG_WARN_INFINITE_RECURSION = YES;
				CLANG_WARN_INT_CONVERSION = YES;
				CLANG_WARN_NON_LITERAL_NULL_CONVERSION = YES;
				CLANG_WARN_OBJC_IMPLICIT_RETAIN_SELF = YES;
				CLANG_WARN_OBJC_LITERAL_CONVERSION = YES;
				CLANG_WARN_OBJC_ROOT_CLASS = YES_ERROR;
				CLANG_WARN_RANGE_LOOP_ANALYSIS = YES;
				CLANG_WARN_STRICT_PROTOTYPES = YES;
				CLANG_WARN_SUSPICIOUS_MOVE = YES;
				CLANG_WARN_UNGUARDED_AVAILABILITY = YES_AGGRESSIVE;
				CLANG_WARN_UNREACHABLE_CODE = YES;
				CLANG_WARN__DUPLICATE_METHOD_MATCH = YES;
				CODE_SIGN_IDENTITY = "iPhone Developer";
				COPY_PHASE_STRIP = NO;
				DEBUG_INFORMATION_FORMAT = "dwarf-with-dsym";
				ENABLE_NS_ASSERTIONS = NO;
				ENABLE_STRICT_OBJC_MSGSEND = YES;
				GCC_C_LANGUAGE_STANDARD = gnu11;
				GCC_NO_COMMON_BLOCKS = YES;
				GCC_WARN_64_TO_32_BIT_CONVERSION = YES;
				GCC_WARN_ABOUT_RETURN_TYPE = YES_ERROR;
				GCC_WARN_UNDECLARED_SELECTOR = YES;
				GCC_WARN_UNINITIALIZED_AUTOS = YES_AGGRESSIVE;
				GCC_WARN_UNUSED_FUNCTION = YES;
				GCC_WARN_UNUSED_VARIABLE = YES;
				IPHONEOS_DEPLOYMENT_TARGET = 12.1;
				MTL_ENABLE_DEBUG_INFO = NO;
				MTL_FAST_MATH = YES;
				SDKROOT = iphoneos;
				VALIDATE_PRODUCT = YES;
			};
			name = Release;
		};
		7FD406EA22545D750018BEA3 /* Debug */ = {
			isa = XCBuildConfiguration;
			buildSettings = {
				ASSETCATALOG_COMPILER_APPICON_NAME = AppIcon;
				CODE_SIGN_STYLE = Automatic;
				INFOPLIST_FILE = LXTestDemo/Info.plist;
				LD_RUNPATH_SEARCH_PATHS = (
					"$(inherited)",
					"@executable_path/Frameworks",
				);
				PRODUCT_BUNDLE_IDENTIFIER = yunyi.LXTestDemo;
				PRODUCT_NAME = "$(TARGET_NAME)";
				TARGETED_DEVICE_FAMILY = "1,2";
			};
			name = Debug;
		};
		7FD406EB22545D750018BEA3 /* Release */ = {
			isa = XCBuildConfiguration;
			buildSettings = {
				ASSETCATALOG_COMPILER_APPICON_NAME = AppIcon;
				CODE_SIGN_STYLE = Automatic;
				INFOPLIST_FILE = LXTestDemo/Info.plist;
				LD_RUNPATH_SEARCH_PATHS = (
					"$(inherited)",
					"@executable_path/Frameworks",
				);
				PRODUCT_BUNDLE_IDENTIFIER = yunyi.LXTestDemo;
				PRODUCT_NAME = "$(TARGET_NAME)";
				TARGETED_DEVICE_FAMILY = "1,2";
			};
			name = Release;
		};
		7FD406ED22545D750018BEA3 /* Debug */ = {
			isa = XCBuildConfiguration;
			buildSettings = {
				BUNDLE_LOADER = "$(TEST_HOST)";
				CODE_SIGN_STYLE = Automatic;
				INFOPLIST_FILE = LXTestDemoTests/Info.plist;
				LD_RUNPATH_SEARCH_PATHS = (
					"$(inherited)",
					"@executable_path/Frameworks",
					"@loader_path/Frameworks",
				);
				PRODUCT_BUNDLE_IDENTIFIER = yunyi.LXTestDemoTests;
				PRODUCT_NAME = "$(TARGET_NAME)";
				TARGETED_DEVICE_FAMILY = "1,2";
				TEST_HOST = "$(BUILT_PRODUCTS_DIR)/LXTestDemo.app/LXTestDemo";
			};
			name = Debug;
		};
		7FD406EE22545D750018BEA3 /* Release */ = {
			isa = XCBuildConfiguration;
			buildSettings = {
				BUNDLE_LOADER = "$(TEST_HOST)";
				CODE_SIGN_STYLE = Automatic;
				INFOPLIST_FILE = LXTestDemoTests/Info.plist;
				LD_RUNPATH_SEARCH_PATHS = (
					"$(inherited)",
					"@executable_path/Frameworks",
					"@loader_path/Frameworks",
				);
				PRODUCT_BUNDLE_IDENTIFIER = yunyi.LXTestDemoTests;
				PRODUCT_NAME = "$(TARGET_NAME)";
				TARGETED_DEVICE_FAMILY = "1,2";
				TEST_HOST = "$(BUILT_PRODUCTS_DIR)/LXTestDemo.app/LXTestDemo";
			};
			name = Release;
		};
		7FD406F022545D750018BEA3 /* Debug */ = {
			isa = XCBuildConfiguration;
			buildSettings = {
				CODE_SIGN_STYLE = Automatic;
				INFOPLIST_FILE = LXTestDemoUITests/Info.plist;
				LD_RUNPATH_SEARCH_PATHS = (
					"$(inherited)",
					"@executable_path/Frameworks",
					"@loader_path/Frameworks",
				);
				PRODUCT_BUNDLE_IDENTIFIER = yunyi.LXTestDemoUITests;
				PRODUCT_NAME = "$(TARGET_NAME)";
				TARGETED_DEVICE_FAMILY = "1,2";
				TEST_TARGET_NAME = LXTestDemo;
			};
			name = Debug;
		};
		7FD406F122545D750018BEA3 /* Release */ = {
			isa = XCBuildConfiguration;
			buildSettings = {
				CODE_SIGN_STYLE = Automatic;
				INFOPLIST_FILE = LXTestDemoUITests/Info.plist;
				LD_RUNPATH_SEARCH_PATHS = (
					"$(inherited)",
					"@executable_path/Frameworks",
					"@loader_path/Frameworks",
				);
				PRODUCT_BUNDLE_IDENTIFIER = yunyi.LXTestDemoUITests;
				PRODUCT_NAME = "$(TARGET_NAME)";
				TARGETED_DEVICE_FAMILY = "1,2";
				TEST_TARGET_NAME = LXTestDemo;
			};
			name = Release;
		};
/* End XCBuildConfiguration section */

/* Begin XCConfigurationList section */
		7FD406B822545D720018BEA3 /* Build configuration list for PBXProject "LXTestDemo" */ = {
			isa = XCConfigurationList;
			buildConfigurations = (
				7FD406E722545D750018BEA3 /* Debug */,
				7FD406E822545D750018BEA3 /* Release */,
			);
			defaultConfigurationIsVisible = 0;
			defaultConfigurationName = Release;
		};
		7FD406E922545D750018BEA3 /* Build configuration list for PBXNativeTarget "LXTestDemo" */ = {
			isa = XCConfigurationList;
			buildConfigurations = (
				7FD406EA22545D750018BEA3 /* Debug */,
				7FD406EB22545D750018BEA3 /* Release */,
			);
			defaultConfigurationIsVisible = 0;
			defaultConfigurationName = Release;
		};
		7FD406EC22545D750018BEA3 /* Build configuration list for PBXNativeTarget "LXTestDemoTests" */ = {
			isa = XCConfigurationList;
			buildConfigurations = (
				7FD406ED22545D750018BEA3 /* Debug */,
				7FD406EE22545D750018BEA3 /* Release */,
			);
			defaultConfigurationIsVisible = 0;
			defaultConfigurationName = Release;
		};
		7FD406EF22545D750018BEA3 /* Build configuration list for PBXNativeTarget "LXTestDemoUITests" */ = {
			isa = XCConfigurationList;
			buildConfigurations = (
				7FD406F022545D750018BEA3 /* Debug */,
				7FD406F122545D750018BEA3 /* Release */,
			);
			defaultConfigurationIsVisible = 0;
			defaultConfigurationName = Release;
		};
/* End XCConfigurationList section */
	};
	rootObject = 7FD406B522545D720018BEA3 /* Project object */;
}
